
Microsoft Visual Studio Solution File, Format Version 12.00
# Visual Studio Version 16
VisualStudioVersion = 16.0.29613.14
MinimumVisualStudioVersion = 10.0.40219.1
Project("{9A19103F-16F7-4668-BE54-9A1E7A4F7556}") = "GymLover.Domain", "GymLover.Domain\GymLover.Domain.csproj", "{82FED6E2-A945-4ADD-9681-E692BA60B93F}"
EndProject
Project("{9A19103F-16F7-4668-BE54-9A1E7A4F7556}") = "GymLover.DataAccess", "GymLover.DataAccess\GymLover.DataAccess.csproj", "{26E22425-5EC0-436C-AC8A-F1D4FAE221E9}"
EndProject
Project("{2150E333-8FDC-42A3-9474-1A3956D46DE8}") = "Solution Items", "Solution Items", "{DD257134-F205-4FCB-8055-30C76EFA3FF5}"
	ProjectSection(SolutionItems) = preProject
		.filenesting.json = .filenesting.json
	EndProjectSection
EndProject
Project("{FAE04EC0-301F-11D3-BF4B-00C04F79EFBC}") = "GymLover.Api", "GymLover.Api\GymLover.Api.csproj", "{F5E67848-7C1E-4FBF-A450-4076635D9AC1}"
EndProject
Global
	GlobalSection(SolutionConfigurationPlatforms) = preSolution
		Debug|Any CPU = Debug|Any CPU
		Release|Any CPU = Release|Any CPU
	EndGlobalSection
	GlobalSection(ProjectConfigurationPlatforms) = postSolution
		{82FED6E2-A945-4ADD-9681-E692BA60B93F}.Debug|Any CPU.ActiveCfg = Debug|Any CPU
		{82FED6E2-A945-4ADD-9681-E692BA60B93F}.Debug|Any CPU.Build.0 = Debug|Any CPU
		{82FED6E2-A945-4ADD-9681-E692BA60B93F}.Release|Any CPU.ActiveCfg = Release|Any CPU
		{82FED6E2-A945-4ADD-9681-E692BA60B93F}.Release|Any CPU.Build.0 = Release|Any CPU
		{26E22425-5EC0-436C-AC8A-F1D4FAE221E9}.Debug|Any CPU.ActiveCfg = Debug|Any CPU
		{26E22425-5EC0-436C-AC8A-F1D4FAE221E9}.Debug|Any CPU.Build.0 = Debug|Any CPU
		{26E22425-5EC0-436C-AC8A-F1D4FAE221E9}.Release|Any CPU.ActiveCfg = Release|Any CPU
		{26E22425-5EC0-436C-AC8A-F1D4FAE221E9}.Release|Any CPU.Build.0 = Release|Any CPU
		{F5E67848-7C1E-4FBF-A450-4076635D9AC1}.Debug|Any CPU.ActiveCfg = Debug|Any CPU
		{F5E67848-7C1E-4FBF-A450-4076635D9AC1}.Debug|Any CPU.Build.0 = Debug|Any CPU
		{F5E67848-7C1E-4FBF-A450-4076635D9AC1}.Release|Any CPU.ActiveCfg = Release|Any CPU
		{F5E67848-7C1E-4FBF-A450-4076635D9AC1}.Release|Any CPU.Build.0 = Release|Any CPU
	EndGlobalSection
	GlobalSection(SolutionProperties) = preSolution
		HideSolutionNode = FALSE
	EndGlobalSection
	GlobalSection(ExtensibilityGlobals) = postSolution
		SolutionGuid = {E6D1962C-D832-4E05-A754-A33079185691}
	EndGlobalSection
EndGlobal
